
Microsoft Visual Studio Solution File, Format Version 12.00
# Visual Studio 15
VisualStudioVersion = 15.0.27130.0
MinimumVisualStudioVersion = 10.0.40219.1
Project("{FAE04EC0-301F-11D3-BF4B-00C04F79EFBC}") = "IoCManager", "..\WPFMeetings\Nugets\IoCManager\IoCManager.csproj", "{B12661AF-45A4-43C6-B569-B2DD5BA2B682}"
EndProject
Project("{FAE04EC0-301F-11D3-BF4B-00C04F79EFBC}") = "CalculateEmails", "src\Application\CalculateEmails\CalculateEmails.csproj", "{D7D9675F-19FC-4CA1-BDC7-FE44F27F9515}"
EndProject
Project("{FAE04EC0-301F-11D3-BF4B-00C04F79EFBC}") = "DAL", "src\Application\DAL\DAL.csproj", "{F32F9300-1029-4366-B7FF-0D1080671019}"
EndProject
Project("{FAE04EC0-301F-11D3-BF4B-00C04F79EFBC}") = "DALContracts", "src\Application\DALContracts\DALContracts.csproj", "{9CF64E20-4550-4CDA-A2E7-A2F9EFAC7905}"
EndProject
Project("{FAE04EC0-301F-11D3-BF4B-00C04F79EFBC}") = "DBScripts", "src\Application\DBScripts\DBScripts.csproj", "{82CDB431-6CFB-4F71-B292-843741EAFD03}"
EndProject
Project("{2150E333-8FDC-42A3-9474-1A3956D46DE8}") = "Application", "Application", "{B55926D7-540B-4563-AC3F-24D3BBC9EA14}"
EndProject
Project("{2150E333-8FDC-42A3-9474-1A3956D46DE8}") = "Nugets", "Nugets", "{5B5B5C8D-C3B1-42E6-B8D3-DB40113DD8B2}"
EndProject
Project("{2150E333-8FDC-42A3-9474-1A3956D46DE8}") = "Tests", "Tests", "{45291622-DB0B-4DAE-9E16-316BD042D948}"
EndProject
Project("{FAE04EC0-301F-11D3-BF4B-00C04F79EFBC}") = "ConfigurationServiceClient", "..\..\VisualStudio\ConfigurationService\ConfigurationServiceClient\ConfigurationServiceClient.csproj", "{0C305323-A6CA-4DD2-818D-B88BFC9AC5EA}"
EndProject
Project("{2150E333-8FDC-42A3-9474-1A3956D46DE8}") = "Server", "Server", "{DB6D35B6-29D0-4DDA-A2B6-86366CF6F905}"
EndProject
Project("{2150E333-8FDC-42A3-9474-1A3956D46DE8}") = "Common", "Common", "{139446ED-91CE-4919-924F-C9CD1F074767}"
EndProject
Project("{FAE04EC0-301F-11D3-BF4B-00C04F79EFBC}") = "CalculateEmails.Contract", "src\Common\CalculateEmails.Contract\CalculateEmails.Contract.csproj", "{2BA5B1BC-4720-444E-954F-50A95FBAC076}"
EndProject
Project("{FAE04EC0-301F-11D3-BF4B-00C04F79EFBC}") = "MasterConfiguration", "..\MasterConfigurationPT\MasterConfiguration\MasterConfiguration.csproj", "{108CEFCD-3617-4C60-BDF3-D1F77636FB62}"
EndProject
Project("{FAE04EC0-301F-11D3-BF4B-00C04F79EFBC}") = "Configuration", "src\Common\Configuration\Configuration.csproj", "{8060356B-3757-4EDA-8E6A-2FC0DA6FEAA3}"
EndProject
Project("{FAE04EC0-301F-11D3-BF4B-00C04F79EFBC}") = "CalculateEmails.Runner", "src\Server\CalculateEmails.Runner\CalculateEmails.Runner.csproj", "{4D6E25C2-F64D-437E-9E30-E7C12AAB74E3}"
EndProject
Project("{FAE04EC0-301F-11D3-BF4B-00C04F79EFBC}") = "CalculateEmails.WCFService", "src\Server\CalculateEmails.WCFService\CalculateEmails.WCFService.csproj", "{2FFD0E87-F59F-4E00-B6FB-95AD7D878586}"
EndProject
Project("{FAE04EC0-301F-11D3-BF4B-00C04F79EFBC}") = "CalculateEmails.WindowsService", "src\Server\CalculateEmails.WindowsService\CalculateEmails.WindowsService.csproj", "{FA4A7673-84E9-4377-B19A-F65D753337E3}"
EndProject
Project("{FAE04EC0-301F-11D3-BF4B-00C04F79EFBC}") = "CalculateEmails.ServiceClient", "CalculateEmails.ServiceClient\CalculateEmails.ServiceClient.csproj", "{C93EEE63-4A70-440A-B37C-BCB9955E9025}"
EndProject
Project("{FAE04EC0-301F-11D3-BF4B-00C04F79EFBC}") = "BLTests", "BLTests\BLTests.csproj", "{F25241E2-0F4A-4AC4-9088-DCBCBA2106BD}"
EndProject
Project("{FAE04EC0-301F-11D3-BF4B-00C04F79EFBC}") = "CalculateEmails.Configuration.Contract", "src\Common\CalculateEmails.Configuration.Contract\CalculateEmails.Configuration.Contract.csproj", "{F31ADCE8-A64C-4EF0-8E81-B1B71FBE3B76}"
EndProject
Global
	GlobalSection(SolutionConfigurationPlatforms) = preSolution
		Debug|Any CPU = Debug|Any CPU
		Debug|ARM = Debug|ARM
		Debug|x64 = Debug|x64
		Debug|x86 = Debug|x86
		Release|Any CPU = Release|Any CPU
		Release|ARM = Release|ARM
		Release|x64 = Release|x64
		Release|x86 = Release|x86
	EndGlobalSection
	GlobalSection(ProjectConfigurationPlatforms) = postSolution
		{B12661AF-45A4-43C6-B569-B2DD5BA2B682}.Debug|Any CPU.ActiveCfg = Debug|Any CPU
		{B12661AF-45A4-43C6-B569-B2DD5BA2B682}.Debug|Any CPU.Build.0 = Debug|Any CPU
		{B12661AF-45A4-43C6-B569-B2DD5BA2B682}.Debug|ARM.ActiveCfg = Debug|Any CPU
		{B12661AF-45A4-43C6-B569-B2DD5BA2B682}.Debug|ARM.Build.0 = Debug|Any CPU
		{B12661AF-45A4-43C6-B569-B2DD5BA2B682}.Debug|x64.ActiveCfg = Debug|Any CPU
		{B12661AF-45A4-43C6-B569-B2DD5BA2B682}.Debug|x64.Build.0 = Debug|Any CPU
		{B12661AF-45A4-43C6-B569-B2DD5BA2B682}.Debug|x86.ActiveCfg = Debug|Any CPU
		{B12661AF-45A4-43C6-B569-B2DD5BA2B682}.Debug|x86.Build.0 = Debug|Any CPU
		{B12661AF-45A4-43C6-B569-B2DD5BA2B682}.Release|Any CPU.ActiveCfg = Release|Any CPU
		{B12661AF-45A4-43C6-B569-B2DD5BA2B682}.Release|Any CPU.Build.0 = Release|Any CPU
		{B12661AF-45A4-43C6-B569-B2DD5BA2B682}.Release|ARM.ActiveCfg = Release|Any CPU
		{B12661AF-45A4-43C6-B569-B2DD5BA2B682}.Release|ARM.Build.0 = Release|Any CPU
		{B12661AF-45A4-43C6-B569-B2DD5BA2B682}.Release|x64.ActiveCfg = Release|Any CPU
		{B12661AF-45A4-43C6-B569-B2DD5BA2B682}.Release|x64.Build.0 = Release|Any CPU
		{B12661AF-45A4-43C6-B569-B2DD5BA2B682}.Release|x86.ActiveCfg = Release|Any CPU
		{B12661AF-45A4-43C6-B569-B2DD5BA2B682}.Release|x86.Build.0 = Release|Any CPU
		{D7D9675F-19FC-4CA1-BDC7-FE44F27F9515}.Debug|Any CPU.ActiveCfg = Debug|Any CPU
		{D7D9675F-19FC-4CA1-BDC7-FE44F27F9515}.Debug|Any CPU.Build.0 = Debug|Any CPU
		{D7D9675F-19FC-4CA1-BDC7-FE44F27F9515}.Debug|ARM.ActiveCfg = Debug|Any CPU
		{D7D9675F-19FC-4CA1-BDC7-FE44F27F9515}.Debug|ARM.Build.0 = Debug|Any CPU
		{D7D9675F-19FC-4CA1-BDC7-FE44F27F9515}.Debug|x64.ActiveCfg = Debug|Any CPU
		{D7D9675F-19FC-4CA1-BDC7-FE44F27F9515}.Debug|x64.Build.0 = Debug|Any CPU
		{D7D9675F-19FC-4CA1-BDC7-FE44F27F9515}.Debug|x86.ActiveCfg = Debug|Any CPU
		{D7D9675F-19FC-4CA1-BDC7-FE44F27F9515}.Debug|x86.Build.0 = Debug|Any CPU
		{D7D9675F-19FC-4CA1-BDC7-FE44F27F9515}.Release|Any CPU.ActiveCfg = Release|Any CPU
		{D7D9675F-19FC-4CA1-BDC7-FE44F27F9515}.Release|Any CPU.Build.0 = Release|Any CPU
		{D7D9675F-19FC-4CA1-BDC7-FE44F27F9515}.Release|ARM.ActiveCfg = Release|Any CPU
		{D7D9675F-19FC-4CA1-BDC7-FE44F27F9515}.Release|ARM.Build.0 = Release|Any CPU
		{D7D9675F-19FC-4CA1-BDC7-FE44F27F9515}.Release|x64.ActiveCfg = Release|Any CPU
		{D7D9675F-19FC-4CA1-BDC7-FE44F27F9515}.Release|x64.Build.0 = Release|Any CPU
		{D7D9675F-19FC-4CA1-BDC7-FE44F27F9515}.Release|x86.ActiveCfg = Release|Any CPU
		{D7D9675F-19FC-4CA1-BDC7-FE44F27F9515}.Release|x86.Build.0 = Release|Any CPU
		{F32F9300-1029-4366-B7FF-0D1080671019}.Debug|Any CPU.ActiveCfg = Debug|Any CPU
		{F32F9300-1029-4366-B7FF-0D1080671019}.Debug|Any CPU.Build.0 = Debug|Any CPU
		{F32F9300-1029-4366-B7FF-0D1080671019}.Debug|ARM.ActiveCfg = Debug|Any CPU
		{F32F9300-1029-4366-B7FF-0D1080671019}.Debug|ARM.Build.0 = Debug|Any CPU
		{F32F9300-1029-4366-B7FF-0D1080671019}.Debug|x64.ActiveCfg = Debug|Any CPU
		{F32F9300-1029-4366-B7FF-0D1080671019}.Debug|x64.Build.0 = Debug|Any CPU
		{F32F9300-1029-4366-B7FF-0D1080671019}.Debug|x86.ActiveCfg = Debug|Any CPU
		{F32F9300-1029-4366-B7FF-0D1080671019}.Debug|x86.Build.0 = Debug|Any CPU
		{F32F9300-1029-4366-B7FF-0D1080671019}.Release|Any CPU.ActiveCfg = Release|Any CPU
		{F32F9300-1029-4366-B7FF-0D1080671019}.Release|Any CPU.Build.0 = Release|Any CPU
		{F32F9300-1029-4366-B7FF-0D1080671019}.Release|ARM.ActiveCfg = Release|Any CPU
		{F32F9300-1029-4366-B7FF-0D1080671019}.Release|ARM.Build.0 = Release|Any CPU
		{F32F9300-1029-4366-B7FF-0D1080671019}.Release|x64.ActiveCfg = Release|Any CPU
		{F32F9300-1029-4366-B7FF-0D1080671019}.Release|x64.Build.0 = Release|Any CPU
		{F32F9300-1029-4366-B7FF-0D1080671019}.Release|x86.ActiveCfg = Release|Any CPU
		{F32F9300-1029-4366-B7FF-0D1080671019}.Release|x86.Build.0 = Release|Any CPU
		{9CF64E20-4550-4CDA-A2E7-A2F9EFAC7905}.Debug|Any CPU.ActiveCfg = Debug|Any CPU
		{9CF64E20-4550-4CDA-A2E7-A2F9EFAC7905}.Debug|Any CPU.Build.0 = Debug|Any CPU
		{9CF64E20-4550-4CDA-A2E7-A2F9EFAC7905}.Debug|ARM.ActiveCfg = Debug|Any CPU
		{9CF64E20-4550-4CDA-A2E7-A2F9EFAC7905}.Debug|ARM.Build.0 = Debug|Any CPU
		{9CF64E20-4550-4CDA-A2E7-A2F9EFAC7905}.Debug|x64.ActiveCfg = Debug|Any CPU
		{9CF64E20-4550-4CDA-A2E7-A2F9EFAC7905}.Debug|x64.Build.0 = Debug|Any CPU
		{9CF64E20-4550-4CDA-A2E7-A2F9EFAC7905}.Debug|x86.ActiveCfg = Debug|Any CPU
		{9CF64E20-4550-4CDA-A2E7-A2F9EFAC7905}.Debug|x86.Build.0 = Debug|Any CPU
		{9CF64E20-4550-4CDA-A2E7-A2F9EFAC7905}.Release|Any CPU.ActiveCfg = Release|Any CPU
		{9CF64E20-4550-4CDA-A2E7-A2F9EFAC7905}.Release|Any CPU.Build.0 = Release|Any CPU
		{9CF64E20-4550-4CDA-A2E7-A2F9EFAC7905}.Release|ARM.ActiveCfg = Release|Any CPU
		{9CF64E20-4550-4CDA-A2E7-A2F9EFAC7905}.Release|ARM.Build.0 = Release|Any CPU
		{9CF64E20-4550-4CDA-A2E7-A2F9EFAC7905}.Release|x64.ActiveCfg = Release|Any CPU
		{9CF64E20-4550-4CDA-A2E7-A2F9EFAC7905}.Release|x64.Build.0 = Release|Any CPU
		{9CF64E20-4550-4CDA-A2E7-A2F9EFAC7905}.Release|x86.ActiveCfg = Release|Any CPU
		{9CF64E20-4550-4CDA-A2E7-A2F9EFAC7905}.Release|x86.Build.0 = Release|Any CPU
		{82CDB431-6CFB-4F71-B292-843741EAFD03}.Debug|Any CPU.ActiveCfg = Debug|Any CPU
		{82CDB431-6CFB-4F71-B292-843741EAFD03}.Debug|Any CPU.Build.0 = Debug|Any CPU
		{82CDB431-6CFB-4F71-B292-843741EAFD03}.Debug|ARM.ActiveCfg = Debug|Any CPU
		{82CDB431-6CFB-4F71-B292-843741EAFD03}.Debug|ARM.Build.0 = Debug|Any CPU
		{82CDB431-6CFB-4F71-B292-843741EAFD03}.Debug|x64.ActiveCfg = Debug|Any CPU
		{82CDB431-6CFB-4F71-B292-843741EAFD03}.Debug|x64.Build.0 = Debug|Any CPU
		{82CDB431-6CFB-4F71-B292-843741EAFD03}.Debug|x86.ActiveCfg = Debug|Any CPU
		{82CDB431-6CFB-4F71-B292-843741EAFD03}.Debug|x86.Build.0 = Debug|Any CPU
		{82CDB431-6CFB-4F71-B292-843741EAFD03}.Release|Any CPU.ActiveCfg = Release|Any CPU
		{82CDB431-6CFB-4F71-B292-843741EAFD03}.Release|Any CPU.Build.0 = Release|Any CPU
		{82CDB431-6CFB-4F71-B292-843741EAFD03}.Release|ARM.ActiveCfg = Release|Any CPU
		{82CDB431-6CFB-4F71-B292-843741EAFD03}.Release|ARM.Build.0 = Release|Any CPU
		{82CDB431-6CFB-4F71-B292-843741EAFD03}.Release|x64.ActiveCfg = Release|Any CPU
		{82CDB431-6CFB-4F71-B292-843741EAFD03}.Release|x64.Build.0 = Release|Any CPU
		{82CDB431-6CFB-4F71-B292-843741EAFD03}.Release|x86.ActiveCfg = Release|Any CPU
		{82CDB431-6CFB-4F71-B292-843741EAFD03}.Release|x86.Build.0 = Release|Any CPU
		{0C305323-A6CA-4DD2-818D-B88BFC9AC5EA}.Debug|Any CPU.ActiveCfg = Debug|Any CPU
		{0C305323-A6CA-4DD2-818D-B88BFC9AC5EA}.Debug|Any CPU.Build.0 = Debug|Any CPU
		{0C305323-A6CA-4DD2-818D-B88BFC9AC5EA}.Debug|ARM.ActiveCfg = Debug|Any CPU
		{0C305323-A6CA-4DD2-818D-B88BFC9AC5EA}.Debug|ARM.Build.0 = Debug|Any CPU
		{0C305323-A6CA-4DD2-818D-B88BFC9AC5EA}.Debug|x64.ActiveCfg = Debug|Any CPU
		{0C305323-A6CA-4DD2-818D-B88BFC9AC5EA}.Debug|x64.Build.0 = Debug|Any CPU
		{0C305323-A6CA-4DD2-818D-B88BFC9AC5EA}.Debug|x86.ActiveCfg = Debug|Any CPU
		{0C305323-A6CA-4DD2-818D-B88BFC9AC5EA}.Debug|x86.Build.0 = Debug|Any CPU
		{0C305323-A6CA-4DD2-818D-B88BFC9AC5EA}.Release|Any CPU.ActiveCfg = Release|Any CPU
		{0C305323-A6CA-4DD2-818D-B88BFC9AC5EA}.Release|Any CPU.Build.0 = Release|Any CPU
		{0C305323-A6CA-4DD2-818D-B88BFC9AC5EA}.Release|ARM.ActiveCfg = Release|Any CPU
		{0C305323-A6CA-4DD2-818D-B88BFC9AC5EA}.Release|ARM.Build.0 = Release|Any CPU
		{0C305323-A6CA-4DD2-818D-B88BFC9AC5EA}.Release|x64.ActiveCfg = Release|Any CPU
		{0C305323-A6CA-4DD2-818D-B88BFC9AC5EA}.Release|x64.Build.0 = Release|Any CPU
		{0C305323-A6CA-4DD2-818D-B88BFC9AC5EA}.Release|x86.ActiveCfg = Release|Any CPU
		{0C305323-A6CA-4DD2-818D-B88BFC9AC5EA}.Release|x86.Build.0 = Release|Any CPU
		{2BA5B1BC-4720-444E-954F-50A95FBAC076}.Debug|Any CPU.ActiveCfg = Debug|Any CPU
		{2BA5B1BC-4720-444E-954F-50A95FBAC076}.Debug|Any CPU.Build.0 = Debug|Any CPU
		{2BA5B1BC-4720-444E-954F-50A95FBAC076}.Debug|ARM.ActiveCfg = Debug|Any CPU
		{2BA5B1BC-4720-444E-954F-50A95FBAC076}.Debug|ARM.Build.0 = Debug|Any CPU
		{2BA5B1BC-4720-444E-954F-50A95FBAC076}.Debug|x64.ActiveCfg = Debug|Any CPU
		{2BA5B1BC-4720-444E-954F-50A95FBAC076}.Debug|x64.Build.0 = Debug|Any CPU
		{2BA5B1BC-4720-444E-954F-50A95FBAC076}.Debug|x86.ActiveCfg = Debug|Any CPU
		{2BA5B1BC-4720-444E-954F-50A95FBAC076}.Debug|x86.Build.0 = Debug|Any CPU
		{2BA5B1BC-4720-444E-954F-50A95FBAC076}.Release|Any CPU.ActiveCfg = Release|Any CPU
		{2BA5B1BC-4720-444E-954F-50A95FBAC076}.Release|Any CPU.Build.0 = Release|Any CPU
		{2BA5B1BC-4720-444E-954F-50A95FBAC076}.Release|ARM.ActiveCfg = Release|Any CPU
		{2BA5B1BC-4720-444E-954F-50A95FBAC076}.Release|ARM.Build.0 = Release|Any CPU
		{2BA5B1BC-4720-444E-954F-50A95FBAC076}.Release|x64.ActiveCfg = Release|Any CPU
		{2BA5B1BC-4720-444E-954F-50A95FBAC076}.Release|x64.Build.0 = Release|Any CPU
		{2BA5B1BC-4720-444E-954F-50A95FBAC076}.Release|x86.ActiveCfg = Release|Any CPU
		{2BA5B1BC-4720-444E-954F-50A95FBAC076}.Release|x86.Build.0 = Release|Any CPU
		{108CEFCD-3617-4C60-BDF3-D1F77636FB62}.Debug|Any CPU.ActiveCfg = Debug|Any CPU
		{108CEFCD-3617-4C60-BDF3-D1F77636FB62}.Debug|Any CPU.Build.0 = Debug|Any CPU
		{108CEFCD-3617-4C60-BDF3-D1F77636FB62}.Debug|ARM.ActiveCfg = Debug|Any CPU
		{108CEFCD-3617-4C60-BDF3-D1F77636FB62}.Debug|ARM.Build.0 = Debug|Any CPU
		{108CEFCD-3617-4C60-BDF3-D1F77636FB62}.Debug|x64.ActiveCfg = Debug|Any CPU
		{108CEFCD-3617-4C60-BDF3-D1F77636FB62}.Debug|x64.Build.0 = Debug|Any CPU
		{108CEFCD-3617-4C60-BDF3-D1F77636FB62}.Debug|x86.ActiveCfg = Debug|Any CPU
		{108CEFCD-3617-4C60-BDF3-D1F77636FB62}.Debug|x86.Build.0 = Debug|Any CPU
		{108CEFCD-3617-4C60-BDF3-D1F77636FB62}.Release|Any CPU.ActiveCfg = Release|Any CPU
		{108CEFCD-3617-4C60-BDF3-D1F77636FB62}.Release|Any CPU.Build.0 = Release|Any CPU
		{108CEFCD-3617-4C60-BDF3-D1F77636FB62}.Release|ARM.ActiveCfg = Release|Any CPU
		{108CEFCD-3617-4C60-BDF3-D1F77636FB62}.Release|ARM.Build.0 = Release|Any CPU
		{108CEFCD-3617-4C60-BDF3-D1F77636FB62}.Release|x64.ActiveCfg = Release|Any CPU
		{108CEFCD-3617-4C60-BDF3-D1F77636FB62}.Release|x64.Build.0 = Release|Any CPU
		{108CEFCD-3617-4C60-BDF3-D1F77636FB62}.Release|x86.ActiveCfg = Release|Any CPU
		{108CEFCD-3617-4C60-BDF3-D1F77636FB62}.Release|x86.Build.0 = Release|Any CPU
		{8060356B-3757-4EDA-8E6A-2FC0DA6FEAA3}.Debug|Any CPU.ActiveCfg = Debug|Any CPU
		{8060356B-3757-4EDA-8E6A-2FC0DA6FEAA3}.Debug|Any CPU.Build.0 = Debug|Any CPU
		{8060356B-3757-4EDA-8E6A-2FC0DA6FEAA3}.Debug|ARM.ActiveCfg = Debug|Any CPU
		{8060356B-3757-4EDA-8E6A-2FC0DA6FEAA3}.Debug|ARM.Build.0 = Debug|Any CPU
		{8060356B-3757-4EDA-8E6A-2FC0DA6FEAA3}.Debug|x64.ActiveCfg = Debug|Any CPU
		{8060356B-3757-4EDA-8E6A-2FC0DA6FEAA3}.Debug|x64.Build.0 = Debug|Any CPU
		{8060356B-3757-4EDA-8E6A-2FC0DA6FEAA3}.Debug|x86.ActiveCfg = Debug|Any CPU
		{8060356B-3757-4EDA-8E6A-2FC0DA6FEAA3}.Debug|x86.Build.0 = Debug|Any CPU
		{8060356B-3757-4EDA-8E6A-2FC0DA6FEAA3}.Release|Any CPU.ActiveCfg = Release|Any CPU
		{8060356B-3757-4EDA-8E6A-2FC0DA6FEAA3}.Release|Any CPU.Build.0 = Release|Any CPU
		{8060356B-3757-4EDA-8E6A-2FC0DA6FEAA3}.Release|ARM.ActiveCfg = Release|Any CPU
		{8060356B-3757-4EDA-8E6A-2FC0DA6FEAA3}.Release|ARM.Build.0 = Release|Any CPU
		{8060356B-3757-4EDA-8E6A-2FC0DA6FEAA3}.Release|x64.ActiveCfg = Release|Any CPU
		{8060356B-3757-4EDA-8E6A-2FC0DA6FEAA3}.Release|x64.Build.0 = Release|Any CPU
		{8060356B-3757-4EDA-8E6A-2FC0DA6FEAA3}.Release|x86.ActiveCfg = Release|Any CPU
		{8060356B-3757-4EDA-8E6A-2FC0DA6FEAA3}.Release|x86.Build.0 = Release|Any CPU
		{4D6E25C2-F64D-437E-9E30-E7C12AAB74E3}.Debug|Any CPU.ActiveCfg = Debug|Any CPU
		{4D6E25C2-F64D-437E-9E30-E7C12AAB74E3}.Debug|Any CPU.Build.0 = Debug|Any CPU
		{4D6E25C2-F64D-437E-9E30-E7C12AAB74E3}.Debug|ARM.ActiveCfg = Debug|Any CPU
		{4D6E25C2-F64D-437E-9E30-E7C12AAB74E3}.Debug|ARM.Build.0 = Debug|Any CPU
		{4D6E25C2-F64D-437E-9E30-E7C12AAB74E3}.Debug|x64.ActiveCfg = Debug|Any CPU
		{4D6E25C2-F64D-437E-9E30-E7C12AAB74E3}.Debug|x64.Build.0 = Debug|Any CPU
		{4D6E25C2-F64D-437E-9E30-E7C12AAB74E3}.Debug|x86.ActiveCfg = Debug|Any CPU
		{4D6E25C2-F64D-437E-9E30-E7C12AAB74E3}.Debug|x86.Build.0 = Debug|Any CPU
		{4D6E25C2-F64D-437E-9E30-E7C12AAB74E3}.Release|Any CPU.ActiveCfg = Release|Any CPU
		{4D6E25C2-F64D-437E-9E30-E7C12AAB74E3}.Release|Any CPU.Build.0 = Release|Any CPU
		{4D6E25C2-F64D-437E-9E30-E7C12AAB74E3}.Release|ARM.ActiveCfg = Release|Any CPU
		{4D6E25C2-F64D-437E-9E30-E7C12AAB74E3}.Release|ARM.Build.0 = Release|Any CPU
		{4D6E25C2-F64D-437E-9E30-E7C12AAB74E3}.Release|x64.ActiveCfg = Release|Any CPU
		{4D6E25C2-F64D-437E-9E30-E7C12AAB74E3}.Release|x64.Build.0 = Release|Any CPU
		{4D6E25C2-F64D-437E-9E30-E7C12AAB74E3}.Release|x86.ActiveCfg = Release|Any CPU
		{4D6E25C2-F64D-437E-9E30-E7C12AAB74E3}.Release|x86.Build.0 = Release|Any CPU
		{2FFD0E87-F59F-4E00-B6FB-95AD7D878586}.Debug|Any CPU.ActiveCfg = Debug|Any CPU
		{2FFD0E87-F59F-4E00-B6FB-95AD7D878586}.Debug|Any CPU.Build.0 = Debug|Any CPU
		{2FFD0E87-F59F-4E00-B6FB-95AD7D878586}.Debug|ARM.ActiveCfg = Debug|Any CPU
		{2FFD0E87-F59F-4E00-B6FB-95AD7D878586}.Debug|ARM.Build.0 = Debug|Any CPU
		{2FFD0E87-F59F-4E00-B6FB-95AD7D878586}.Debug|x64.ActiveCfg = Debug|Any CPU
		{2FFD0E87-F59F-4E00-B6FB-95AD7D878586}.Debug|x64.Build.0 = Debug|Any CPU
		{2FFD0E87-F59F-4E00-B6FB-95AD7D878586}.Debug|x86.ActiveCfg = Debug|Any CPU
		{2FFD0E87-F59F-4E00-B6FB-95AD7D878586}.Debug|x86.Build.0 = Debug|Any CPU
		{2FFD0E87-F59F-4E00-B6FB-95AD7D878586}.Release|Any CPU.ActiveCfg = Release|Any CPU
		{2FFD0E87-F59F-4E00-B6FB-95AD7D878586}.Release|Any CPU.Build.0 = Release|Any CPU
		{2FFD0E87-F59F-4E00-B6FB-95AD7D878586}.Release|ARM.ActiveCfg = Release|Any CPU
		{2FFD0E87-F59F-4E00-B6FB-95AD7D878586}.Release|ARM.Build.0 = Release|Any CPU
		{2FFD0E87-F59F-4E00-B6FB-95AD7D878586}.Release|x64.ActiveCfg = Release|Any CPU
		{2FFD0E87-F59F-4E00-B6FB-95AD7D878586}.Release|x64.Build.0 = Release|Any CPU
		{2FFD0E87-F59F-4E00-B6FB-95AD7D878586}.Release|x86.ActiveCfg = Release|Any CPU
		{2FFD0E87-F59F-4E00-B6FB-95AD7D878586}.Release|x86.Build.0 = Release|Any CPU
		{FA4A7673-84E9-4377-B19A-F65D753337E3}.Debug|Any CPU.ActiveCfg = Debug|Any CPU
		{FA4A7673-84E9-4377-B19A-F65D753337E3}.Debug|Any CPU.Build.0 = Debug|Any CPU
		{FA4A7673-84E9-4377-B19A-F65D753337E3}.Debug|ARM.ActiveCfg = Debug|Any CPU
		{FA4A7673-84E9-4377-B19A-F65D753337E3}.Debug|ARM.Build.0 = Debug|Any CPU
		{FA4A7673-84E9-4377-B19A-F65D753337E3}.Debug|x64.ActiveCfg = Debug|Any CPU
		{FA4A7673-84E9-4377-B19A-F65D753337E3}.Debug|x64.Build.0 = Debug|Any CPU
		{FA4A7673-84E9-4377-B19A-F65D753337E3}.Debug|x86.ActiveCfg = Debug|Any CPU
		{FA4A7673-84E9-4377-B19A-F65D753337E3}.Debug|x86.Build.0 = Debug|Any CPU
		{FA4A7673-84E9-4377-B19A-F65D753337E3}.Release|Any CPU.ActiveCfg = Release|Any CPU
		{FA4A7673-84E9-4377-B19A-F65D753337E3}.Release|Any CPU.Build.0 = Release|Any CPU
		{FA4A7673-84E9-4377-B19A-F65D753337E3}.Release|ARM.ActiveCfg = Release|Any CPU
		{FA4A7673-84E9-4377-B19A-F65D753337E3}.Release|ARM.Build.0 = Release|Any CPU
		{FA4A7673-84E9-4377-B19A-F65D753337E3}.Release|x64.ActiveCfg = Release|Any CPU
		{FA4A7673-84E9-4377-B19A-F65D753337E3}.Release|x64.Build.0 = Release|Any CPU
		{FA4A7673-84E9-4377-B19A-F65D753337E3}.Release|x86.ActiveCfg = Release|Any CPU
		{FA4A7673-84E9-4377-B19A-F65D753337E3}.Release|x86.Build.0 = Release|Any CPU
		{C93EEE63-4A70-440A-B37C-BCB9955E9025}.Debug|Any CPU.ActiveCfg = Debug|Any CPU
		{C93EEE63-4A70-440A-B37C-BCB9955E9025}.Debug|Any CPU.Build.0 = Debug|Any CPU
		{C93EEE63-4A70-440A-B37C-BCB9955E9025}.Debug|ARM.ActiveCfg = Debug|Any CPU
		{C93EEE63-4A70-440A-B37C-BCB9955E9025}.Debug|ARM.Build.0 = Debug|Any CPU
		{C93EEE63-4A70-440A-B37C-BCB9955E9025}.Debug|x64.ActiveCfg = Debug|Any CPU
		{C93EEE63-4A70-440A-B37C-BCB9955E9025}.Debug|x64.Build.0 = Debug|Any CPU
		{C93EEE63-4A70-440A-B37C-BCB9955E9025}.Debug|x86.ActiveCfg = Debug|Any CPU
		{C93EEE63-4A70-440A-B37C-BCB9955E9025}.Debug|x86.Build.0 = Debug|Any CPU
		{C93EEE63-4A70-440A-B37C-BCB9955E9025}.Release|Any CPU.ActiveCfg = Release|Any CPU
		{C93EEE63-4A70-440A-B37C-BCB9955E9025}.Release|Any CPU.Build.0 = Release|Any CPU
		{C93EEE63-4A70-440A-B37C-BCB9955E9025}.Release|ARM.ActiveCfg = Release|Any CPU
		{C93EEE63-4A70-440A-B37C-BCB9955E9025}.Release|ARM.Build.0 = Release|Any CPU
		{C93EEE63-4A70-440A-B37C-BCB9955E9025}.Release|x64.ActiveCfg = Release|Any CPU
		{C93EEE63-4A70-440A-B37C-BCB9955E9025}.Release|x64.Build.0 = Release|Any CPU
		{C93EEE63-4A70-440A-B37C-BCB9955E9025}.Release|x86.ActiveCfg = Release|Any CPU
		{C93EEE63-4A70-440A-B37C-BCB9955E9025}.Release|x86.Build.0 = Release|Any CPU
		{F25241E2-0F4A-4AC4-9088-DCBCBA2106BD}.Debug|Any CPU.ActiveCfg = Debug|Any CPU
		{F25241E2-0F4A-4AC4-9088-DCBCBA2106BD}.Debug|Any CPU.Build.0 = Debug|Any CPU
		{F25241E2-0F4A-4AC4-9088-DCBCBA2106BD}.Debug|ARM.ActiveCfg = Debug|Any CPU
		{F25241E2-0F4A-4AC4-9088-DCBCBA2106BD}.Debug|ARM.Build.0 = Debug|Any CPU
		{F25241E2-0F4A-4AC4-9088-DCBCBA2106BD}.Debug|x64.ActiveCfg = Debug|Any CPU
		{F25241E2-0F4A-4AC4-9088-DCBCBA2106BD}.Debug|x64.Build.0 = Debug|Any CPU
		{F25241E2-0F4A-4AC4-9088-DCBCBA2106BD}.Debug|x86.ActiveCfg = Debug|Any CPU
		{F25241E2-0F4A-4AC4-9088-DCBCBA2106BD}.Debug|x86.Build.0 = Debug|Any CPU
		{F25241E2-0F4A-4AC4-9088-DCBCBA2106BD}.Release|Any CPU.ActiveCfg = Release|Any CPU
		{F25241E2-0F4A-4AC4-9088-DCBCBA2106BD}.Release|Any CPU.Build.0 = Release|Any CPU
		{F25241E2-0F4A-4AC4-9088-DCBCBA2106BD}.Release|ARM.ActiveCfg = Release|Any CPU
		{F25241E2-0F4A-4AC4-9088-DCBCBA2106BD}.Release|ARM.Build.0 = Release|Any CPU
		{F25241E2-0F4A-4AC4-9088-DCBCBA2106BD}.Release|x64.ActiveCfg = Release|Any CPU
		{F25241E2-0F4A-4AC4-9088-DCBCBA2106BD}.Release|x64.Build.0 = Release|Any CPU
		{F25241E2-0F4A-4AC4-9088-DCBCBA2106BD}.Release|x86.ActiveCfg = Release|Any CPU
		{F25241E2-0F4A-4AC4-9088-DCBCBA2106BD}.Release|x86.Build.0 = Release|Any CPU
		{F31ADCE8-A64C-4EF0-8E81-B1B71FBE3B76}.Debug|Any CPU.ActiveCfg = Debug|Any CPU
		{F31ADCE8-A64C-4EF0-8E81-B1B71FBE3B76}.Debug|Any CPU.Build.0 = Debug|Any CPU
		{F31ADCE8-A64C-4EF0-8E81-B1B71FBE3B76}.Debug|ARM.ActiveCfg = Debug|Any CPU
		{F31ADCE8-A64C-4EF0-8E81-B1B71FBE3B76}.Debug|ARM.Build.0 = Debug|Any CPU
		{F31ADCE8-A64C-4EF0-8E81-B1B71FBE3B76}.Debug|x64.ActiveCfg = Debug|Any CPU
		{F31ADCE8-A64C-4EF0-8E81-B1B71FBE3B76}.Debug|x64.Build.0 = Debug|Any CPU
		{F31ADCE8-A64C-4EF0-8E81-B1B71FBE3B76}.Debug|x86.ActiveCfg = Debug|Any CPU
		{F31ADCE8-A64C-4EF0-8E81-B1B71FBE3B76}.Debug|x86.Build.0 = Debug|Any CPU
		{F31ADCE8-A64C-4EF0-8E81-B1B71FBE3B76}.Release|Any CPU.ActiveCfg = Release|Any CPU
		{F31ADCE8-A64C-4EF0-8E81-B1B71FBE3B76}.Release|Any CPU.Build.0 = Release|Any CPU
		{F31ADCE8-A64C-4EF0-8E81-B1B71FBE3B76}.Release|ARM.ActiveCfg = Release|Any CPU
		{F31ADCE8-A64C-4EF0-8E81-B1B71FBE3B76}.Release|ARM.Build.0 = Release|Any CPU
		{F31ADCE8-A64C-4EF0-8E81-B1B71FBE3B76}.Release|x64.ActiveCfg = Release|Any CPU
		{F31ADCE8-A64C-4EF0-8E81-B1B71FBE3B76}.Release|x64.Build.0 = Release|Any CPU
		{F31ADCE8-A64C-4EF0-8E81-B1B71FBE3B76}.Release|x86.ActiveCfg = Release|Any CPU
		{F31ADCE8-A64C-4EF0-8E81-B1B71FBE3B76}.Release|x86.Build.0 = Release|Any CPU
	EndGlobalSection
	GlobalSection(SolutionProperties) = preSolution
		HideSolutionNode = FALSE
	EndGlobalSection
	GlobalSection(NestedProjects) = preSolution
		{B12661AF-45A4-43C6-B569-B2DD5BA2B682} = {5B5B5C8D-C3B1-42E6-B8D3-DB40113DD8B2}
		{D7D9675F-19FC-4CA1-BDC7-FE44F27F9515} = {B55926D7-540B-4563-AC3F-24D3BBC9EA14}
		{F32F9300-1029-4366-B7FF-0D1080671019} = {B55926D7-540B-4563-AC3F-24D3BBC9EA14}
		{9CF64E20-4550-4CDA-A2E7-A2F9EFAC7905} = {DB6D35B6-29D0-4DDA-A2B6-86366CF6F905}
		{82CDB431-6CFB-4F71-B292-843741EAFD03} = {B55926D7-540B-4563-AC3F-24D3BBC9EA14}
		{0C305323-A6CA-4DD2-818D-B88BFC9AC5EA} = {5B5B5C8D-C3B1-42E6-B8D3-DB40113DD8B2}
		{2BA5B1BC-4720-444E-954F-50A95FBAC076} = {139446ED-91CE-4919-924F-C9CD1F074767}
		{108CEFCD-3617-4C60-BDF3-D1F77636FB62} = {5B5B5C8D-C3B1-42E6-B8D3-DB40113DD8B2}
		{8060356B-3757-4EDA-8E6A-2FC0DA6FEAA3} = {139446ED-91CE-4919-924F-C9CD1F074767}
		{4D6E25C2-F64D-437E-9E30-E7C12AAB74E3} = {DB6D35B6-29D0-4DDA-A2B6-86366CF6F905}
		{2FFD0E87-F59F-4E00-B6FB-95AD7D878586} = {DB6D35B6-29D0-4DDA-A2B6-86366CF6F905}
		{FA4A7673-84E9-4377-B19A-F65D753337E3} = {DB6D35B6-29D0-4DDA-A2B6-86366CF6F905}
		{C93EEE63-4A70-440A-B37C-BCB9955E9025} = {B55926D7-540B-4563-AC3F-24D3BBC9EA14}
		{F25241E2-0F4A-4AC4-9088-DCBCBA2106BD} = {45291622-DB0B-4DAE-9E16-316BD042D948}
		{F31ADCE8-A64C-4EF0-8E81-B1B71FBE3B76} = {139446ED-91CE-4919-924F-C9CD1F074767}
	EndGlobalSection
	GlobalSection(ExtensibilityGlobals) = postSolution
		SolutionGuid = {494B9462-F947-41F2-B62F-F0628E60AE6B}
	EndGlobalSection
EndGlobal
