
Microsoft Visual Studio Solution File, Format Version 12.00
# Visual Studio 15
VisualStudioVersion = 15.0.27130.0
MinimumVisualStudioVersion = 10.0.40219.1
Project("{FAE04EC0-301F-11D3-BF4B-00C04F79EFBC}") = "IoCManager", "..\WPFMeetings\Nugets\IoCManager\IoCManager.csproj", "{B12661AF-45A4-43C6-B569-B2DD5BA2B682}"
EndProject
Project("{2150E333-8FDC-42A3-9474-1A3956D46DE8}") = "Application", "Application", "{B55926D7-540B-4563-AC3F-24D3BBC9EA14}"
EndProject
Project("{2150E333-8FDC-42A3-9474-1A3956D46DE8}") = "Nugets", "Nugets", "{5B5B5C8D-C3B1-42E6-B8D3-DB40113DD8B2}"
EndProject
Project("{2150E333-8FDC-42A3-9474-1A3956D46DE8}") = "Tests", "Tests", "{45291622-DB0B-4DAE-9E16-316BD042D948}"
EndProject
Project("{2150E333-8FDC-42A3-9474-1A3956D46DE8}") = "Server", "Server", "{DB6D35B6-29D0-4DDA-A2B6-86366CF6F905}"
EndProject
Project("{2150E333-8FDC-42A3-9474-1A3956D46DE8}") = "Common", "Common", "{139446ED-91CE-4919-924F-C9CD1F074767}"
EndProject
Project("{FAE04EC0-301F-11D3-BF4B-00C04F79EFBC}") = "ProductivityTools.CalculateEmails.Contract", "src\Common\ProductivityTools.CalculateEmails.Contract\ProductivityTools.CalculateEmails.Contract.csproj", "{2BA5B1BC-4720-444E-954F-50A95FBAC076}"
EndProject
Project("{FAE04EC0-301F-11D3-BF4B-00C04F79EFBC}") = "ProductivityTools.CalculateEmails.WCFService", "src\Server\ProductivityTools.CalculateEmails.WCFService\ProductivityTools.CalculateEmails.WCFService.csproj", "{2FFD0E87-F59F-4E00-B6FB-95AD7D878586}"
EndProject
Project("{FAE04EC0-301F-11D3-BF4B-00C04F79EFBC}") = "ProductivityTools.CalculateEmails.WindowsService", "src\Server\ProductivityTools.CalculateEmails.WindowsService\ProductivityTools.CalculateEmails.WindowsService.csproj", "{FA4A7673-84E9-4377-B19A-F65D753337E3}"
EndProject
Project("{FAE04EC0-301F-11D3-BF4B-00C04F79EFBC}") = "ProductivityTools.CalculateEmails.ServiceClient", "src\Application\ProductivityTools.CalculateEmails.ServiceClient\ProductivityTools.CalculateEmails.ServiceClient.csproj", "{C93EEE63-4A70-440A-B37C-BCB9955E9025}"
EndProject
Project("{FAE04EC0-301F-11D3-BF4B-00C04F79EFBC}") = "ProductivityTools.CalculateEmails.DAL", "src\Server\ProductivityTools.CalculateEmails.DAL\ProductivityTools.CalculateEmails.DAL.csproj", "{F32F9300-1029-4366-B7FF-0D1080671019}"
EndProject
Project("{FAE04EC0-301F-11D3-BF4B-00C04F79EFBC}") = "ProductivityTools.CalculateEmails.DALContracts", "src\Server\ProductivityTools.CalculateEmails.DALContracts\ProductivityTools.CalculateEmails.DALContracts.csproj", "{A356905E-D585-45E0-9E3E-3119B41FADA1}"
EndProject
Project("{FAE04EC0-301F-11D3-BF4B-00C04F79EFBC}") = "ProductivityTools.CalculateEmails.BLTests", "src\Tests\ProductivityTools.CalculateEmails.BLTests\ProductivityTools.CalculateEmails.BLTests.csproj", "{F25241E2-0F4A-4AC4-9088-DCBCBA2106BD}"
EndProject
Project("{FAE04EC0-301F-11D3-BF4B-00C04F79EFBC}") = "ProductivityTools.CalculateEmails.Outlook", "src\Application\ProductivityTools.CalculateEmails.Outlook\ProductivityTools.CalculateEmails.Outlook.csproj", "{D7D9675F-19FC-4CA1-BDC7-FE44F27F9515}"
EndProject
Project("{FAE04EC0-301F-11D3-BF4B-00C04F79EFBC}") = "ProductivityTools.CalculateEmails.Configuration", "src\Common\ProductivityTools.CalculateEmails.Configuration\ProductivityTools.CalculateEmails.Configuration.csproj", "{8060356B-3757-4EDA-8E6A-2FC0DA6FEAA3}"
EndProject
Project("{FAE04EC0-301F-11D3-BF4B-00C04F79EFBC}") = "ProductivityTools.CalculateEmails.Autofac", "src\Common\ProductivityTools.CalculateEmails.Autofac\ProductivityTools.CalculateEmails.Autofac.csproj", "{0F0C73A9-8FDF-4D49-BD5E-B00E2C12BCB5}"
EndProject
Project("{FAE04EC0-301F-11D3-BF4B-00C04F79EFBC}") = "ProductivityTools.CalculateEmails.DBScripts", "src\Server\ProductivityTools.CalculateEmails.DBScripts\ProductivityTools.CalculateEmails.DBScripts.csproj", "{82CDB431-6CFB-4F71-B292-843741EAFD03}"
EndProject
Project("{FAE04EC0-301F-11D3-BF4B-00C04F79EFBC}") = "ProductivityTools.MasterConfiguration", "..\ProductivityTools.MasterConfiguration2\src\Library\ProductivityTools.MasterConfiguration\ProductivityTools.MasterConfiguration.csproj", "{108CEFCD-3617-4C60-BDF3-D1F77636FB62}"
EndProject
Project("{FAE04EC0-301F-11D3-BF4B-00C04F79EFBC}") = "ProductivityTools.CalculateEmails.Runner", "src\Server\ProductivityTools.CalculateEmails.Runner\ProductivityTools.CalculateEmails.Runner.csproj", "{4D6E25C2-F64D-437E-9E30-E7C12AAB74E3}"
EndProject
Project("{FAE04EC0-301F-11D3-BF4B-00C04F79EFBC}") = "ProductivityTools.CalculateEmails.PSCalculateEmails", "src\Application\ProductivityTools.CalculateEmails.PSCalculateEmails\ProductivityTools.CalculateEmails.PSCalculateEmails.csproj", "{47918C36-21E2-4F49-B046-912A5CEDB085}"
EndProject
Project("{FAE04EC0-301F-11D3-BF4B-00C04F79EFBC}") = "ProductivityTools.CalculateEmails.PSCalculateEmails.Tests", "src\Tests\ProductivityTools.CalculateEmails.PSCalculateEmails.Tests\ProductivityTools.CalculateEmails.PSCalculateEmails.Tests.csproj", "{518702B0-C29E-4A6F-ACAF-9D0E1070563A}"
EndProject
Global
	GlobalSection(SolutionConfigurationPlatforms) = preSolution
		Debug|Any CPU = Debug|Any CPU
		Debug|ARM = Debug|ARM
		Debug|x64 = Debug|x64
		Debug|x86 = Debug|x86
		Release|Any CPU = Release|Any CPU
		Release|ARM = Release|ARM
		Release|x64 = Release|x64
		Release|x86 = Release|x86
	EndGlobalSection
	GlobalSection(ProjectConfigurationPlatforms) = postSolution
		{B12661AF-45A4-43C6-B569-B2DD5BA2B682}.Debug|Any CPU.ActiveCfg = Debug|Any CPU
		{B12661AF-45A4-43C6-B569-B2DD5BA2B682}.Debug|Any CPU.Build.0 = Debug|Any CPU
		{B12661AF-45A4-43C6-B569-B2DD5BA2B682}.Debug|ARM.ActiveCfg = Debug|Any CPU
		{B12661AF-45A4-43C6-B569-B2DD5BA2B682}.Debug|ARM.Build.0 = Debug|Any CPU
		{B12661AF-45A4-43C6-B569-B2DD5BA2B682}.Debug|x64.ActiveCfg = Debug|Any CPU
		{B12661AF-45A4-43C6-B569-B2DD5BA2B682}.Debug|x64.Build.0 = Debug|Any CPU
		{B12661AF-45A4-43C6-B569-B2DD5BA2B682}.Debug|x86.ActiveCfg = Debug|Any CPU
		{B12661AF-45A4-43C6-B569-B2DD5BA2B682}.Debug|x86.Build.0 = Debug|Any CPU
		{B12661AF-45A4-43C6-B569-B2DD5BA2B682}.Release|Any CPU.ActiveCfg = Release|Any CPU
		{B12661AF-45A4-43C6-B569-B2DD5BA2B682}.Release|Any CPU.Build.0 = Release|Any CPU
		{B12661AF-45A4-43C6-B569-B2DD5BA2B682}.Release|ARM.ActiveCfg = Release|Any CPU
		{B12661AF-45A4-43C6-B569-B2DD5BA2B682}.Release|ARM.Build.0 = Release|Any CPU
		{B12661AF-45A4-43C6-B569-B2DD5BA2B682}.Release|x64.ActiveCfg = Release|Any CPU
		{B12661AF-45A4-43C6-B569-B2DD5BA2B682}.Release|x64.Build.0 = Release|Any CPU
		{B12661AF-45A4-43C6-B569-B2DD5BA2B682}.Release|x86.ActiveCfg = Release|Any CPU
		{B12661AF-45A4-43C6-B569-B2DD5BA2B682}.Release|x86.Build.0 = Release|Any CPU
		{2BA5B1BC-4720-444E-954F-50A95FBAC076}.Debug|Any CPU.ActiveCfg = Debug|Any CPU
		{2BA5B1BC-4720-444E-954F-50A95FBAC076}.Debug|Any CPU.Build.0 = Debug|Any CPU
		{2BA5B1BC-4720-444E-954F-50A95FBAC076}.Debug|ARM.ActiveCfg = Debug|Any CPU
		{2BA5B1BC-4720-444E-954F-50A95FBAC076}.Debug|ARM.Build.0 = Debug|Any CPU
		{2BA5B1BC-4720-444E-954F-50A95FBAC076}.Debug|x64.ActiveCfg = Debug|Any CPU
		{2BA5B1BC-4720-444E-954F-50A95FBAC076}.Debug|x64.Build.0 = Debug|Any CPU
		{2BA5B1BC-4720-444E-954F-50A95FBAC076}.Debug|x86.ActiveCfg = Debug|Any CPU
		{2BA5B1BC-4720-444E-954F-50A95FBAC076}.Debug|x86.Build.0 = Debug|Any CPU
		{2BA5B1BC-4720-444E-954F-50A95FBAC076}.Release|Any CPU.ActiveCfg = Release|Any CPU
		{2BA5B1BC-4720-444E-954F-50A95FBAC076}.Release|Any CPU.Build.0 = Release|Any CPU
		{2BA5B1BC-4720-444E-954F-50A95FBAC076}.Release|ARM.ActiveCfg = Release|Any CPU
		{2BA5B1BC-4720-444E-954F-50A95FBAC076}.Release|ARM.Build.0 = Release|Any CPU
		{2BA5B1BC-4720-444E-954F-50A95FBAC076}.Release|x64.ActiveCfg = Release|Any CPU
		{2BA5B1BC-4720-444E-954F-50A95FBAC076}.Release|x64.Build.0 = Release|Any CPU
		{2BA5B1BC-4720-444E-954F-50A95FBAC076}.Release|x86.ActiveCfg = Release|Any CPU
		{2BA5B1BC-4720-444E-954F-50A95FBAC076}.Release|x86.Build.0 = Release|Any CPU
		{2FFD0E87-F59F-4E00-B6FB-95AD7D878586}.Debug|Any CPU.ActiveCfg = Debug|Any CPU
		{2FFD0E87-F59F-4E00-B6FB-95AD7D878586}.Debug|Any CPU.Build.0 = Debug|Any CPU
		{2FFD0E87-F59F-4E00-B6FB-95AD7D878586}.Debug|ARM.ActiveCfg = Debug|Any CPU
		{2FFD0E87-F59F-4E00-B6FB-95AD7D878586}.Debug|ARM.Build.0 = Debug|Any CPU
		{2FFD0E87-F59F-4E00-B6FB-95AD7D878586}.Debug|x64.ActiveCfg = Debug|Any CPU
		{2FFD0E87-F59F-4E00-B6FB-95AD7D878586}.Debug|x64.Build.0 = Debug|Any CPU
		{2FFD0E87-F59F-4E00-B6FB-95AD7D878586}.Debug|x86.ActiveCfg = Debug|Any CPU
		{2FFD0E87-F59F-4E00-B6FB-95AD7D878586}.Debug|x86.Build.0 = Debug|Any CPU
		{2FFD0E87-F59F-4E00-B6FB-95AD7D878586}.Release|Any CPU.ActiveCfg = Release|Any CPU
		{2FFD0E87-F59F-4E00-B6FB-95AD7D878586}.Release|Any CPU.Build.0 = Release|Any CPU
		{2FFD0E87-F59F-4E00-B6FB-95AD7D878586}.Release|ARM.ActiveCfg = Release|Any CPU
		{2FFD0E87-F59F-4E00-B6FB-95AD7D878586}.Release|ARM.Build.0 = Release|Any CPU
		{2FFD0E87-F59F-4E00-B6FB-95AD7D878586}.Release|x64.ActiveCfg = Release|Any CPU
		{2FFD0E87-F59F-4E00-B6FB-95AD7D878586}.Release|x64.Build.0 = Release|Any CPU
		{2FFD0E87-F59F-4E00-B6FB-95AD7D878586}.Release|x86.ActiveCfg = Release|Any CPU
		{2FFD0E87-F59F-4E00-B6FB-95AD7D878586}.Release|x86.Build.0 = Release|Any CPU
		{FA4A7673-84E9-4377-B19A-F65D753337E3}.Debug|Any CPU.ActiveCfg = Debug|Any CPU
		{FA4A7673-84E9-4377-B19A-F65D753337E3}.Debug|Any CPU.Build.0 = Debug|Any CPU
		{FA4A7673-84E9-4377-B19A-F65D753337E3}.Debug|ARM.ActiveCfg = Debug|Any CPU
		{FA4A7673-84E9-4377-B19A-F65D753337E3}.Debug|ARM.Build.0 = Debug|Any CPU
		{FA4A7673-84E9-4377-B19A-F65D753337E3}.Debug|x64.ActiveCfg = Debug|Any CPU
		{FA4A7673-84E9-4377-B19A-F65D753337E3}.Debug|x64.Build.0 = Debug|Any CPU
		{FA4A7673-84E9-4377-B19A-F65D753337E3}.Debug|x86.ActiveCfg = Debug|Any CPU
		{FA4A7673-84E9-4377-B19A-F65D753337E3}.Debug|x86.Build.0 = Debug|Any CPU
		{FA4A7673-84E9-4377-B19A-F65D753337E3}.Release|Any CPU.ActiveCfg = Release|Any CPU
		{FA4A7673-84E9-4377-B19A-F65D753337E3}.Release|Any CPU.Build.0 = Release|Any CPU
		{FA4A7673-84E9-4377-B19A-F65D753337E3}.Release|ARM.ActiveCfg = Release|Any CPU
		{FA4A7673-84E9-4377-B19A-F65D753337E3}.Release|ARM.Build.0 = Release|Any CPU
		{FA4A7673-84E9-4377-B19A-F65D753337E3}.Release|x64.ActiveCfg = Release|Any CPU
		{FA4A7673-84E9-4377-B19A-F65D753337E3}.Release|x64.Build.0 = Release|Any CPU
		{FA4A7673-84E9-4377-B19A-F65D753337E3}.Release|x86.ActiveCfg = Release|Any CPU
		{FA4A7673-84E9-4377-B19A-F65D753337E3}.Release|x86.Build.0 = Release|Any CPU
		{C93EEE63-4A70-440A-B37C-BCB9955E9025}.Debug|Any CPU.ActiveCfg = Debug|Any CPU
		{C93EEE63-4A70-440A-B37C-BCB9955E9025}.Debug|Any CPU.Build.0 = Debug|Any CPU
		{C93EEE63-4A70-440A-B37C-BCB9955E9025}.Debug|ARM.ActiveCfg = Debug|Any CPU
		{C93EEE63-4A70-440A-B37C-BCB9955E9025}.Debug|ARM.Build.0 = Debug|Any CPU
		{C93EEE63-4A70-440A-B37C-BCB9955E9025}.Debug|x64.ActiveCfg = Debug|Any CPU
		{C93EEE63-4A70-440A-B37C-BCB9955E9025}.Debug|x64.Build.0 = Debug|Any CPU
		{C93EEE63-4A70-440A-B37C-BCB9955E9025}.Debug|x86.ActiveCfg = Debug|Any CPU
		{C93EEE63-4A70-440A-B37C-BCB9955E9025}.Debug|x86.Build.0 = Debug|Any CPU
		{C93EEE63-4A70-440A-B37C-BCB9955E9025}.Release|Any CPU.ActiveCfg = Release|Any CPU
		{C93EEE63-4A70-440A-B37C-BCB9955E9025}.Release|Any CPU.Build.0 = Release|Any CPU
		{C93EEE63-4A70-440A-B37C-BCB9955E9025}.Release|ARM.ActiveCfg = Release|Any CPU
		{C93EEE63-4A70-440A-B37C-BCB9955E9025}.Release|ARM.Build.0 = Release|Any CPU
		{C93EEE63-4A70-440A-B37C-BCB9955E9025}.Release|x64.ActiveCfg = Release|Any CPU
		{C93EEE63-4A70-440A-B37C-BCB9955E9025}.Release|x64.Build.0 = Release|Any CPU
		{C93EEE63-4A70-440A-B37C-BCB9955E9025}.Release|x86.ActiveCfg = Release|Any CPU
		{C93EEE63-4A70-440A-B37C-BCB9955E9025}.Release|x86.Build.0 = Release|Any CPU
		{F32F9300-1029-4366-B7FF-0D1080671019}.Debug|Any CPU.ActiveCfg = Debug|Any CPU
		{F32F9300-1029-4366-B7FF-0D1080671019}.Debug|Any CPU.Build.0 = Debug|Any CPU
		{F32F9300-1029-4366-B7FF-0D1080671019}.Debug|ARM.ActiveCfg = Debug|Any CPU
		{F32F9300-1029-4366-B7FF-0D1080671019}.Debug|ARM.Build.0 = Debug|Any CPU
		{F32F9300-1029-4366-B7FF-0D1080671019}.Debug|x64.ActiveCfg = Debug|Any CPU
		{F32F9300-1029-4366-B7FF-0D1080671019}.Debug|x64.Build.0 = Debug|Any CPU
		{F32F9300-1029-4366-B7FF-0D1080671019}.Debug|x86.ActiveCfg = Debug|Any CPU
		{F32F9300-1029-4366-B7FF-0D1080671019}.Debug|x86.Build.0 = Debug|Any CPU
		{F32F9300-1029-4366-B7FF-0D1080671019}.Release|Any CPU.ActiveCfg = Release|Any CPU
		{F32F9300-1029-4366-B7FF-0D1080671019}.Release|Any CPU.Build.0 = Release|Any CPU
		{F32F9300-1029-4366-B7FF-0D1080671019}.Release|ARM.ActiveCfg = Release|Any CPU
		{F32F9300-1029-4366-B7FF-0D1080671019}.Release|ARM.Build.0 = Release|Any CPU
		{F32F9300-1029-4366-B7FF-0D1080671019}.Release|x64.ActiveCfg = Release|Any CPU
		{F32F9300-1029-4366-B7FF-0D1080671019}.Release|x64.Build.0 = Release|Any CPU
		{F32F9300-1029-4366-B7FF-0D1080671019}.Release|x86.ActiveCfg = Release|Any CPU
		{F32F9300-1029-4366-B7FF-0D1080671019}.Release|x86.Build.0 = Release|Any CPU
		{A356905E-D585-45E0-9E3E-3119B41FADA1}.Debug|Any CPU.ActiveCfg = Debug|Any CPU
		{A356905E-D585-45E0-9E3E-3119B41FADA1}.Debug|Any CPU.Build.0 = Debug|Any CPU
		{A356905E-D585-45E0-9E3E-3119B41FADA1}.Debug|ARM.ActiveCfg = Debug|Any CPU
		{A356905E-D585-45E0-9E3E-3119B41FADA1}.Debug|ARM.Build.0 = Debug|Any CPU
		{A356905E-D585-45E0-9E3E-3119B41FADA1}.Debug|x64.ActiveCfg = Debug|Any CPU
		{A356905E-D585-45E0-9E3E-3119B41FADA1}.Debug|x64.Build.0 = Debug|Any CPU
		{A356905E-D585-45E0-9E3E-3119B41FADA1}.Debug|x86.ActiveCfg = Debug|Any CPU
		{A356905E-D585-45E0-9E3E-3119B41FADA1}.Debug|x86.Build.0 = Debug|Any CPU
		{A356905E-D585-45E0-9E3E-3119B41FADA1}.Release|Any CPU.ActiveCfg = Release|Any CPU
		{A356905E-D585-45E0-9E3E-3119B41FADA1}.Release|Any CPU.Build.0 = Release|Any CPU
		{A356905E-D585-45E0-9E3E-3119B41FADA1}.Release|ARM.ActiveCfg = Release|Any CPU
		{A356905E-D585-45E0-9E3E-3119B41FADA1}.Release|ARM.Build.0 = Release|Any CPU
		{A356905E-D585-45E0-9E3E-3119B41FADA1}.Release|x64.ActiveCfg = Release|Any CPU
		{A356905E-D585-45E0-9E3E-3119B41FADA1}.Release|x64.Build.0 = Release|Any CPU
		{A356905E-D585-45E0-9E3E-3119B41FADA1}.Release|x86.ActiveCfg = Release|Any CPU
		{A356905E-D585-45E0-9E3E-3119B41FADA1}.Release|x86.Build.0 = Release|Any CPU
		{F25241E2-0F4A-4AC4-9088-DCBCBA2106BD}.Debug|Any CPU.ActiveCfg = Debug|Any CPU
		{F25241E2-0F4A-4AC4-9088-DCBCBA2106BD}.Debug|Any CPU.Build.0 = Debug|Any CPU
		{F25241E2-0F4A-4AC4-9088-DCBCBA2106BD}.Debug|ARM.ActiveCfg = Debug|Any CPU
		{F25241E2-0F4A-4AC4-9088-DCBCBA2106BD}.Debug|ARM.Build.0 = Debug|Any CPU
		{F25241E2-0F4A-4AC4-9088-DCBCBA2106BD}.Debug|x64.ActiveCfg = Debug|Any CPU
		{F25241E2-0F4A-4AC4-9088-DCBCBA2106BD}.Debug|x64.Build.0 = Debug|Any CPU
		{F25241E2-0F4A-4AC4-9088-DCBCBA2106BD}.Debug|x86.ActiveCfg = Debug|Any CPU
		{F25241E2-0F4A-4AC4-9088-DCBCBA2106BD}.Debug|x86.Build.0 = Debug|Any CPU
		{F25241E2-0F4A-4AC4-9088-DCBCBA2106BD}.Release|Any CPU.ActiveCfg = Release|Any CPU
		{F25241E2-0F4A-4AC4-9088-DCBCBA2106BD}.Release|Any CPU.Build.0 = Release|Any CPU
		{F25241E2-0F4A-4AC4-9088-DCBCBA2106BD}.Release|ARM.ActiveCfg = Release|Any CPU
		{F25241E2-0F4A-4AC4-9088-DCBCBA2106BD}.Release|ARM.Build.0 = Release|Any CPU
		{F25241E2-0F4A-4AC4-9088-DCBCBA2106BD}.Release|x64.ActiveCfg = Release|Any CPU
		{F25241E2-0F4A-4AC4-9088-DCBCBA2106BD}.Release|x64.Build.0 = Release|Any CPU
		{F25241E2-0F4A-4AC4-9088-DCBCBA2106BD}.Release|x86.ActiveCfg = Release|Any CPU
		{F25241E2-0F4A-4AC4-9088-DCBCBA2106BD}.Release|x86.Build.0 = Release|Any CPU
		{D7D9675F-19FC-4CA1-BDC7-FE44F27F9515}.Debug|Any CPU.ActiveCfg = Debug|Any CPU
		{D7D9675F-19FC-4CA1-BDC7-FE44F27F9515}.Debug|Any CPU.Build.0 = Debug|Any CPU
		{D7D9675F-19FC-4CA1-BDC7-FE44F27F9515}.Debug|ARM.ActiveCfg = Debug|Any CPU
		{D7D9675F-19FC-4CA1-BDC7-FE44F27F9515}.Debug|ARM.Build.0 = Debug|Any CPU
		{D7D9675F-19FC-4CA1-BDC7-FE44F27F9515}.Debug|x64.ActiveCfg = Debug|Any CPU
		{D7D9675F-19FC-4CA1-BDC7-FE44F27F9515}.Debug|x64.Build.0 = Debug|Any CPU
		{D7D9675F-19FC-4CA1-BDC7-FE44F27F9515}.Debug|x86.ActiveCfg = Debug|Any CPU
		{D7D9675F-19FC-4CA1-BDC7-FE44F27F9515}.Debug|x86.Build.0 = Debug|Any CPU
		{D7D9675F-19FC-4CA1-BDC7-FE44F27F9515}.Release|Any CPU.ActiveCfg = Release|Any CPU
		{D7D9675F-19FC-4CA1-BDC7-FE44F27F9515}.Release|Any CPU.Build.0 = Release|Any CPU
		{D7D9675F-19FC-4CA1-BDC7-FE44F27F9515}.Release|ARM.ActiveCfg = Release|Any CPU
		{D7D9675F-19FC-4CA1-BDC7-FE44F27F9515}.Release|ARM.Build.0 = Release|Any CPU
		{D7D9675F-19FC-4CA1-BDC7-FE44F27F9515}.Release|x64.ActiveCfg = Release|Any CPU
		{D7D9675F-19FC-4CA1-BDC7-FE44F27F9515}.Release|x64.Build.0 = Release|Any CPU
		{D7D9675F-19FC-4CA1-BDC7-FE44F27F9515}.Release|x86.ActiveCfg = Release|Any CPU
		{D7D9675F-19FC-4CA1-BDC7-FE44F27F9515}.Release|x86.Build.0 = Release|Any CPU
		{8060356B-3757-4EDA-8E6A-2FC0DA6FEAA3}.Debug|Any CPU.ActiveCfg = Debug|Any CPU
		{8060356B-3757-4EDA-8E6A-2FC0DA6FEAA3}.Debug|Any CPU.Build.0 = Debug|Any CPU
		{8060356B-3757-4EDA-8E6A-2FC0DA6FEAA3}.Debug|ARM.ActiveCfg = Debug|Any CPU
		{8060356B-3757-4EDA-8E6A-2FC0DA6FEAA3}.Debug|ARM.Build.0 = Debug|Any CPU
		{8060356B-3757-4EDA-8E6A-2FC0DA6FEAA3}.Debug|x64.ActiveCfg = Debug|Any CPU
		{8060356B-3757-4EDA-8E6A-2FC0DA6FEAA3}.Debug|x64.Build.0 = Debug|Any CPU
		{8060356B-3757-4EDA-8E6A-2FC0DA6FEAA3}.Debug|x86.ActiveCfg = Debug|Any CPU
		{8060356B-3757-4EDA-8E6A-2FC0DA6FEAA3}.Debug|x86.Build.0 = Debug|Any CPU
		{8060356B-3757-4EDA-8E6A-2FC0DA6FEAA3}.Release|Any CPU.ActiveCfg = Release|Any CPU
		{8060356B-3757-4EDA-8E6A-2FC0DA6FEAA3}.Release|Any CPU.Build.0 = Release|Any CPU
		{8060356B-3757-4EDA-8E6A-2FC0DA6FEAA3}.Release|ARM.ActiveCfg = Release|Any CPU
		{8060356B-3757-4EDA-8E6A-2FC0DA6FEAA3}.Release|ARM.Build.0 = Release|Any CPU
		{8060356B-3757-4EDA-8E6A-2FC0DA6FEAA3}.Release|x64.ActiveCfg = Release|Any CPU
		{8060356B-3757-4EDA-8E6A-2FC0DA6FEAA3}.Release|x64.Build.0 = Release|Any CPU
		{8060356B-3757-4EDA-8E6A-2FC0DA6FEAA3}.Release|x86.ActiveCfg = Release|Any CPU
		{8060356B-3757-4EDA-8E6A-2FC0DA6FEAA3}.Release|x86.Build.0 = Release|Any CPU
		{0F0C73A9-8FDF-4D49-BD5E-B00E2C12BCB5}.Debug|Any CPU.ActiveCfg = Debug|Any CPU
		{0F0C73A9-8FDF-4D49-BD5E-B00E2C12BCB5}.Debug|Any CPU.Build.0 = Debug|Any CPU
		{0F0C73A9-8FDF-4D49-BD5E-B00E2C12BCB5}.Debug|ARM.ActiveCfg = Debug|Any CPU
		{0F0C73A9-8FDF-4D49-BD5E-B00E2C12BCB5}.Debug|ARM.Build.0 = Debug|Any CPU
		{0F0C73A9-8FDF-4D49-BD5E-B00E2C12BCB5}.Debug|x64.ActiveCfg = Debug|Any CPU
		{0F0C73A9-8FDF-4D49-BD5E-B00E2C12BCB5}.Debug|x64.Build.0 = Debug|Any CPU
		{0F0C73A9-8FDF-4D49-BD5E-B00E2C12BCB5}.Debug|x86.ActiveCfg = Debug|Any CPU
		{0F0C73A9-8FDF-4D49-BD5E-B00E2C12BCB5}.Debug|x86.Build.0 = Debug|Any CPU
		{0F0C73A9-8FDF-4D49-BD5E-B00E2C12BCB5}.Release|Any CPU.ActiveCfg = Release|Any CPU
		{0F0C73A9-8FDF-4D49-BD5E-B00E2C12BCB5}.Release|Any CPU.Build.0 = Release|Any CPU
		{0F0C73A9-8FDF-4D49-BD5E-B00E2C12BCB5}.Release|ARM.ActiveCfg = Release|Any CPU
		{0F0C73A9-8FDF-4D49-BD5E-B00E2C12BCB5}.Release|ARM.Build.0 = Release|Any CPU
		{0F0C73A9-8FDF-4D49-BD5E-B00E2C12BCB5}.Release|x64.ActiveCfg = Release|Any CPU
		{0F0C73A9-8FDF-4D49-BD5E-B00E2C12BCB5}.Release|x64.Build.0 = Release|Any CPU
		{0F0C73A9-8FDF-4D49-BD5E-B00E2C12BCB5}.Release|x86.ActiveCfg = Release|Any CPU
		{0F0C73A9-8FDF-4D49-BD5E-B00E2C12BCB5}.Release|x86.Build.0 = Release|Any CPU
		{82CDB431-6CFB-4F71-B292-843741EAFD03}.Debug|Any CPU.ActiveCfg = Debug|Any CPU
		{82CDB431-6CFB-4F71-B292-843741EAFD03}.Debug|Any CPU.Build.0 = Debug|Any CPU
		{82CDB431-6CFB-4F71-B292-843741EAFD03}.Debug|ARM.ActiveCfg = Debug|Any CPU
		{82CDB431-6CFB-4F71-B292-843741EAFD03}.Debug|ARM.Build.0 = Debug|Any CPU
		{82CDB431-6CFB-4F71-B292-843741EAFD03}.Debug|x64.ActiveCfg = Debug|Any CPU
		{82CDB431-6CFB-4F71-B292-843741EAFD03}.Debug|x64.Build.0 = Debug|Any CPU
		{82CDB431-6CFB-4F71-B292-843741EAFD03}.Debug|x86.ActiveCfg = Debug|Any CPU
		{82CDB431-6CFB-4F71-B292-843741EAFD03}.Debug|x86.Build.0 = Debug|Any CPU
		{82CDB431-6CFB-4F71-B292-843741EAFD03}.Release|Any CPU.ActiveCfg = Release|Any CPU
		{82CDB431-6CFB-4F71-B292-843741EAFD03}.Release|Any CPU.Build.0 = Release|Any CPU
		{82CDB431-6CFB-4F71-B292-843741EAFD03}.Release|ARM.ActiveCfg = Release|Any CPU
		{82CDB431-6CFB-4F71-B292-843741EAFD03}.Release|ARM.Build.0 = Release|Any CPU
		{82CDB431-6CFB-4F71-B292-843741EAFD03}.Release|x64.ActiveCfg = Release|Any CPU
		{82CDB431-6CFB-4F71-B292-843741EAFD03}.Release|x64.Build.0 = Release|Any CPU
		{82CDB431-6CFB-4F71-B292-843741EAFD03}.Release|x86.ActiveCfg = Release|Any CPU
		{82CDB431-6CFB-4F71-B292-843741EAFD03}.Release|x86.Build.0 = Release|Any CPU
		{108CEFCD-3617-4C60-BDF3-D1F77636FB62}.Debug|Any CPU.ActiveCfg = Debug|Any CPU
		{108CEFCD-3617-4C60-BDF3-D1F77636FB62}.Debug|Any CPU.Build.0 = Debug|Any CPU
		{108CEFCD-3617-4C60-BDF3-D1F77636FB62}.Debug|ARM.ActiveCfg = Debug|Any CPU
		{108CEFCD-3617-4C60-BDF3-D1F77636FB62}.Debug|ARM.Build.0 = Debug|Any CPU
		{108CEFCD-3617-4C60-BDF3-D1F77636FB62}.Debug|x64.ActiveCfg = Debug|Any CPU
		{108CEFCD-3617-4C60-BDF3-D1F77636FB62}.Debug|x64.Build.0 = Debug|Any CPU
		{108CEFCD-3617-4C60-BDF3-D1F77636FB62}.Debug|x86.ActiveCfg = Debug|Any CPU
		{108CEFCD-3617-4C60-BDF3-D1F77636FB62}.Debug|x86.Build.0 = Debug|Any CPU
		{108CEFCD-3617-4C60-BDF3-D1F77636FB62}.Release|Any CPU.ActiveCfg = Release|Any CPU
		{108CEFCD-3617-4C60-BDF3-D1F77636FB62}.Release|Any CPU.Build.0 = Release|Any CPU
		{108CEFCD-3617-4C60-BDF3-D1F77636FB62}.Release|ARM.ActiveCfg = Release|Any CPU
		{108CEFCD-3617-4C60-BDF3-D1F77636FB62}.Release|ARM.Build.0 = Release|Any CPU
		{108CEFCD-3617-4C60-BDF3-D1F77636FB62}.Release|x64.ActiveCfg = Release|Any CPU
		{108CEFCD-3617-4C60-BDF3-D1F77636FB62}.Release|x64.Build.0 = Release|Any CPU
		{108CEFCD-3617-4C60-BDF3-D1F77636FB62}.Release|x86.ActiveCfg = Release|Any CPU
		{108CEFCD-3617-4C60-BDF3-D1F77636FB62}.Release|x86.Build.0 = Release|Any CPU
		{4D6E25C2-F64D-437E-9E30-E7C12AAB74E3}.Debug|Any CPU.ActiveCfg = Debug|Any CPU
		{4D6E25C2-F64D-437E-9E30-E7C12AAB74E3}.Debug|Any CPU.Build.0 = Debug|Any CPU
		{4D6E25C2-F64D-437E-9E30-E7C12AAB74E3}.Debug|ARM.ActiveCfg = Debug|Any CPU
		{4D6E25C2-F64D-437E-9E30-E7C12AAB74E3}.Debug|ARM.Build.0 = Debug|Any CPU
		{4D6E25C2-F64D-437E-9E30-E7C12AAB74E3}.Debug|x64.ActiveCfg = Debug|Any CPU
		{4D6E25C2-F64D-437E-9E30-E7C12AAB74E3}.Debug|x64.Build.0 = Debug|Any CPU
		{4D6E25C2-F64D-437E-9E30-E7C12AAB74E3}.Debug|x86.ActiveCfg = Debug|Any CPU
		{4D6E25C2-F64D-437E-9E30-E7C12AAB74E3}.Debug|x86.Build.0 = Debug|Any CPU
		{4D6E25C2-F64D-437E-9E30-E7C12AAB74E3}.Release|Any CPU.ActiveCfg = Release|Any CPU
		{4D6E25C2-F64D-437E-9E30-E7C12AAB74E3}.Release|Any CPU.Build.0 = Release|Any CPU
		{4D6E25C2-F64D-437E-9E30-E7C12AAB74E3}.Release|ARM.ActiveCfg = Release|Any CPU
		{4D6E25C2-F64D-437E-9E30-E7C12AAB74E3}.Release|ARM.Build.0 = Release|Any CPU
		{4D6E25C2-F64D-437E-9E30-E7C12AAB74E3}.Release|x64.ActiveCfg = Release|Any CPU
		{4D6E25C2-F64D-437E-9E30-E7C12AAB74E3}.Release|x64.Build.0 = Release|Any CPU
		{4D6E25C2-F64D-437E-9E30-E7C12AAB74E3}.Release|x86.ActiveCfg = Release|Any CPU
		{4D6E25C2-F64D-437E-9E30-E7C12AAB74E3}.Release|x86.Build.0 = Release|Any CPU
		{47918C36-21E2-4F49-B046-912A5CEDB085}.Debug|Any CPU.ActiveCfg = Debug|Any CPU
		{47918C36-21E2-4F49-B046-912A5CEDB085}.Debug|Any CPU.Build.0 = Debug|Any CPU
		{47918C36-21E2-4F49-B046-912A5CEDB085}.Debug|ARM.ActiveCfg = Debug|Any CPU
		{47918C36-21E2-4F49-B046-912A5CEDB085}.Debug|ARM.Build.0 = Debug|Any CPU
		{47918C36-21E2-4F49-B046-912A5CEDB085}.Debug|x64.ActiveCfg = Debug|Any CPU
		{47918C36-21E2-4F49-B046-912A5CEDB085}.Debug|x64.Build.0 = Debug|Any CPU
		{47918C36-21E2-4F49-B046-912A5CEDB085}.Debug|x86.ActiveCfg = Debug|Any CPU
		{47918C36-21E2-4F49-B046-912A5CEDB085}.Debug|x86.Build.0 = Debug|Any CPU
		{47918C36-21E2-4F49-B046-912A5CEDB085}.Release|Any CPU.ActiveCfg = Release|Any CPU
		{47918C36-21E2-4F49-B046-912A5CEDB085}.Release|Any CPU.Build.0 = Release|Any CPU
		{47918C36-21E2-4F49-B046-912A5CEDB085}.Release|ARM.ActiveCfg = Release|Any CPU
		{47918C36-21E2-4F49-B046-912A5CEDB085}.Release|ARM.Build.0 = Release|Any CPU
		{47918C36-21E2-4F49-B046-912A5CEDB085}.Release|x64.ActiveCfg = Release|Any CPU
		{47918C36-21E2-4F49-B046-912A5CEDB085}.Release|x64.Build.0 = Release|Any CPU
		{47918C36-21E2-4F49-B046-912A5CEDB085}.Release|x86.ActiveCfg = Release|Any CPU
		{47918C36-21E2-4F49-B046-912A5CEDB085}.Release|x86.Build.0 = Release|Any CPU
		{518702B0-C29E-4A6F-ACAF-9D0E1070563A}.Debug|Any CPU.ActiveCfg = Debug|Any CPU
		{518702B0-C29E-4A6F-ACAF-9D0E1070563A}.Debug|Any CPU.Build.0 = Debug|Any CPU
		{518702B0-C29E-4A6F-ACAF-9D0E1070563A}.Debug|ARM.ActiveCfg = Debug|Any CPU
		{518702B0-C29E-4A6F-ACAF-9D0E1070563A}.Debug|ARM.Build.0 = Debug|Any CPU
		{518702B0-C29E-4A6F-ACAF-9D0E1070563A}.Debug|x64.ActiveCfg = Debug|Any CPU
		{518702B0-C29E-4A6F-ACAF-9D0E1070563A}.Debug|x64.Build.0 = Debug|Any CPU
		{518702B0-C29E-4A6F-ACAF-9D0E1070563A}.Debug|x86.ActiveCfg = Debug|Any CPU
		{518702B0-C29E-4A6F-ACAF-9D0E1070563A}.Debug|x86.Build.0 = Debug|Any CPU
		{518702B0-C29E-4A6F-ACAF-9D0E1070563A}.Release|Any CPU.ActiveCfg = Release|Any CPU
		{518702B0-C29E-4A6F-ACAF-9D0E1070563A}.Release|Any CPU.Build.0 = Release|Any CPU
		{518702B0-C29E-4A6F-ACAF-9D0E1070563A}.Release|ARM.ActiveCfg = Release|Any CPU
		{518702B0-C29E-4A6F-ACAF-9D0E1070563A}.Release|ARM.Build.0 = Release|Any CPU
		{518702B0-C29E-4A6F-ACAF-9D0E1070563A}.Release|x64.ActiveCfg = Release|Any CPU
		{518702B0-C29E-4A6F-ACAF-9D0E1070563A}.Release|x64.Build.0 = Release|Any CPU
		{518702B0-C29E-4A6F-ACAF-9D0E1070563A}.Release|x86.ActiveCfg = Release|Any CPU
		{518702B0-C29E-4A6F-ACAF-9D0E1070563A}.Release|x86.Build.0 = Release|Any CPU
	EndGlobalSection
	GlobalSection(SolutionProperties) = preSolution
		HideSolutionNode = FALSE
	EndGlobalSection
	GlobalSection(NestedProjects) = preSolution
		{B12661AF-45A4-43C6-B569-B2DD5BA2B682} = {5B5B5C8D-C3B1-42E6-B8D3-DB40113DD8B2}
		{2BA5B1BC-4720-444E-954F-50A95FBAC076} = {139446ED-91CE-4919-924F-C9CD1F074767}
		{2FFD0E87-F59F-4E00-B6FB-95AD7D878586} = {DB6D35B6-29D0-4DDA-A2B6-86366CF6F905}
		{FA4A7673-84E9-4377-B19A-F65D753337E3} = {DB6D35B6-29D0-4DDA-A2B6-86366CF6F905}
		{C93EEE63-4A70-440A-B37C-BCB9955E9025} = {B55926D7-540B-4563-AC3F-24D3BBC9EA14}
		{F32F9300-1029-4366-B7FF-0D1080671019} = {DB6D35B6-29D0-4DDA-A2B6-86366CF6F905}
		{A356905E-D585-45E0-9E3E-3119B41FADA1} = {DB6D35B6-29D0-4DDA-A2B6-86366CF6F905}
		{F25241E2-0F4A-4AC4-9088-DCBCBA2106BD} = {45291622-DB0B-4DAE-9E16-316BD042D948}
		{D7D9675F-19FC-4CA1-BDC7-FE44F27F9515} = {B55926D7-540B-4563-AC3F-24D3BBC9EA14}
		{8060356B-3757-4EDA-8E6A-2FC0DA6FEAA3} = {139446ED-91CE-4919-924F-C9CD1F074767}
		{0F0C73A9-8FDF-4D49-BD5E-B00E2C12BCB5} = {139446ED-91CE-4919-924F-C9CD1F074767}
		{82CDB431-6CFB-4F71-B292-843741EAFD03} = {DB6D35B6-29D0-4DDA-A2B6-86366CF6F905}
		{108CEFCD-3617-4C60-BDF3-D1F77636FB62} = {5B5B5C8D-C3B1-42E6-B8D3-DB40113DD8B2}
		{4D6E25C2-F64D-437E-9E30-E7C12AAB74E3} = {DB6D35B6-29D0-4DDA-A2B6-86366CF6F905}
		{47918C36-21E2-4F49-B046-912A5CEDB085} = {B55926D7-540B-4563-AC3F-24D3BBC9EA14}
		{518702B0-C29E-4A6F-ACAF-9D0E1070563A} = {45291622-DB0B-4DAE-9E16-316BD042D948}
	EndGlobalSection
	GlobalSection(ExtensibilityGlobals) = postSolution
		SolutionGuid = {494B9462-F947-41F2-B62F-F0628E60AE6B}
	EndGlobalSection
	GlobalSection(ExtensibilityGlobals) = postSolution
		SolutionGuid = {494B9462-F947-41F2-B62F-F0628E60AE6B}
	EndGlobalSection
EndGlobal
